// !$*UTF8*$!
{
	archiveVersion = 1;
	classes = {
	};
	objectVersion = 51;
	objects = {

/* Begin PBXBuildFile section */
		0B8452628C022281509C6E98 /* Pods_NotificationService.framework in Frameworks */ = {isa = PBXBuildFile; fileRef = F78AC6291F51AAB189E6B117 /* Pods_NotificationService.framework */; };
		1AFF8F1D24594B74007A90B5 /* AppDelegate.m in Sources */ = {isa = PBXBuildFile; fileRef = 1AFF8F1C24594B74007A90B5 /* AppDelegate.m */; };
		1AFF8F2024594B74007A90B5 /* SceneDelegate.m in Sources */ = {isa = PBXBuildFile; fileRef = 1AFF8F1F24594B74007A90B5 /* SceneDelegate.m */; };
		1AFF8F2324594B74007A90B5 /* ViewController.m in Sources */ = {isa = PBXBuildFile; fileRef = 1AFF8F2224594B74007A90B5 /* ViewController.m */; };
		1AFF8F2624594B74007A90B5 /* Main.storyboard in Resources */ = {isa = PBXBuildFile; fileRef = 1AFF8F2424594B74007A90B5 /* Main.storyboard */; };
		1AFF8F2824594B75007A90B5 /* Assets.xcassets in Resources */ = {isa = PBXBuildFile; fileRef = 1AFF8F2724594B75007A90B5 /* Assets.xcassets */; };
		1AFF8F2B24594B75007A90B5 /* LaunchScreen.storyboard in Resources */ = {isa = PBXBuildFile; fileRef = 1AFF8F2924594B75007A90B5 /* LaunchScreen.storyboard */; };
		1AFF8F2E24594B75007A90B5 /* main.m in Sources */ = {isa = PBXBuildFile; fileRef = 1AFF8F2D24594B75007A90B5 /* main.m */; };
		1AFF8F3C24594C4B007A90B5 /* NotificationService.m in Sources */ = {isa = PBXBuildFile; fileRef = 1AFF8F3B24594C4B007A90B5 /* NotificationService.m */; };
		1AFF8F4024594C4B007A90B5 /* NotificationService.appex in Embed App Extensions */ = {isa = PBXBuildFile; fileRef = 1AFF8F3824594C4B007A90B5 /* NotificationService.appex */; settings = {ATTRIBUTES = (RemoveHeadersOnCopy, ); }; };
		1AFF8F4624595018007A90B5 /* GoogleService-Info.plist in Resources */ = {isa = PBXBuildFile; fileRef = 1AFF8F4524595018007A90B5 /* GoogleService-Info.plist */; };
		6D3933CE80487DCCC11E1D5D /* Pods_VizuryObjCSample.framework in Frameworks */ = {isa = PBXBuildFile; fileRef = 058D78121299ECF3BEC2C84C /* Pods_VizuryObjCSample.framework */; };
/* End PBXBuildFile section */

/* Begin PBXContainerItemProxy section */
		1AFF8F3E24594C4B007A90B5 /* PBXContainerItemProxy */ = {
			isa = PBXContainerItemProxy;
			containerPortal = 1AFF8F1024594B74007A90B5 /* Project object */;
			proxyType = 1;
			remoteGlobalIDString = 1AFF8F3724594C4B007A90B5;
			remoteInfo = NotificationService;
		};
/* End PBXContainerItemProxy section */

/* Begin PBXCopyFilesBuildPhase section */
		1AFF8F4124594C4B007A90B5 /* Embed App Extensions */ = {
			isa = PBXCopyFilesBuildPhase;
			buildActionMask = 2147483647;
			dstPath = "";
			dstSubfolderSpec = 13;
			files = (
				1AFF8F4024594C4B007A90B5 /* NotificationService.appex in Embed App Extensions */,
			);
			name = "Embed App Extensions";
			runOnlyForDeploymentPostprocessing = 0;
		};
/* End PBXCopyFilesBuildPhase section */

/* Begin PBXFileReference section */
		058D78121299ECF3BEC2C84C /* Pods_VizuryObjCSample.framework */ = {isa = PBXFileReference; explicitFileType = wrapper.framework; includeInIndex = 0; path = Pods_VizuryObjCSample.framework; sourceTree = BUILT_PRODUCTS_DIR; };
		1AFF8F1824594B74007A90B5 /* VizuryObjCSample.app */ = {isa = PBXFileReference; explicitFileType = wrapper.application; includeInIndex = 0; path = VizuryObjCSample.app; sourceTree = BUILT_PRODUCTS_DIR; };
		1AFF8F1B24594B74007A90B5 /* AppDelegate.h */ = {isa = PBXFileReference; lastKnownFileType = sourcecode.c.h; path = AppDelegate.h; sourceTree = "<group>"; };
		1AFF8F1C24594B74007A90B5 /* AppDelegate.m */ = {isa = PBXFileReference; lastKnownFileType = sourcecode.c.objc; path = AppDelegate.m; sourceTree = "<group>"; };
		1AFF8F1E24594B74007A90B5 /* SceneDelegate.h */ = {isa = PBXFileReference; lastKnownFileType = sourcecode.c.h; path = SceneDelegate.h; sourceTree = "<group>"; };
		1AFF8F1F24594B74007A90B5 /* SceneDelegate.m */ = {isa = PBXFileReference; lastKnownFileType = sourcecode.c.objc; path = SceneDelegate.m; sourceTree = "<group>"; };
		1AFF8F2124594B74007A90B5 /* ViewController.h */ = {isa = PBXFileReference; lastKnownFileType = sourcecode.c.h; path = ViewController.h; sourceTree = "<group>"; };
		1AFF8F2224594B74007A90B5 /* ViewController.m */ = {isa = PBXFileReference; lastKnownFileType = sourcecode.c.objc; path = ViewController.m; sourceTree = "<group>"; };
		1AFF8F2524594B74007A90B5 /* Base */ = {isa = PBXFileReference; lastKnownFileType = file.storyboard; name = Base; path = Base.lproj/Main.storyboard; sourceTree = "<group>"; };
		1AFF8F2724594B75007A90B5 /* Assets.xcassets */ = {isa = PBXFileReference; lastKnownFileType = folder.assetcatalog; path = Assets.xcassets; sourceTree = "<group>"; };
		1AFF8F2A24594B75007A90B5 /* Base */ = {isa = PBXFileReference; lastKnownFileType = file.storyboard; name = Base; path = Base.lproj/LaunchScreen.storyboard; sourceTree = "<group>"; };
		1AFF8F2C24594B75007A90B5 /* Info.plist */ = {isa = PBXFileReference; lastKnownFileType = text.plist.xml; path = Info.plist; sourceTree = "<group>"; };
		1AFF8F2D24594B75007A90B5 /* main.m */ = {isa = PBXFileReference; lastKnownFileType = sourcecode.c.objc; path = main.m; sourceTree = "<group>"; };
		1AFF8F3824594C4B007A90B5 /* NotificationService.appex */ = {isa = PBXFileReference; explicitFileType = "wrapper.app-extension"; includeInIndex = 0; path = NotificationService.appex; sourceTree = BUILT_PRODUCTS_DIR; };
		1AFF8F3A24594C4B007A90B5 /* NotificationService.h */ = {isa = PBXFileReference; lastKnownFileType = sourcecode.c.h; path = NotificationService.h; sourceTree = "<group>"; };
		1AFF8F3B24594C4B007A90B5 /* NotificationService.m */ = {isa = PBXFileReference; lastKnownFileType = sourcecode.c.objc; path = NotificationService.m; sourceTree = "<group>"; };
		1AFF8F3D24594C4B007A90B5 /* Info.plist */ = {isa = PBXFileReference; lastKnownFileType = text.plist.xml; path = Info.plist; sourceTree = "<group>"; };
		1AFF8F4524595018007A90B5 /* GoogleService-Info.plist */ = {isa = PBXFileReference; fileEncoding = 4; lastKnownFileType = text.plist.xml; path = "GoogleService-Info.plist"; sourceTree = "<group>"; };
		1AFF8F472459504D007A90B5 /* VizuryObjCSample.entitlements */ = {isa = PBXFileReference; lastKnownFileType = text.plist.entitlements; path = VizuryObjCSample.entitlements; sourceTree = "<group>"; };
		1AFF8F48245951AD007A90B5 /* NotificationService.entitlements */ = {isa = PBXFileReference; lastKnownFileType = text.plist.entitlements; path = NotificationService.entitlements; sourceTree = "<group>"; };
		CBF2E5EDDD53712188C6E4DD /* Pods-VizuryObjCSample.release.xcconfig */ = {isa = PBXFileReference; includeInIndex = 1; lastKnownFileType = text.xcconfig; name = "Pods-VizuryObjCSample.release.xcconfig"; path = "Target Support Files/Pods-VizuryObjCSample/Pods-VizuryObjCSample.release.xcconfig"; sourceTree = "<group>"; };
		F3180258A8DFAE2B08DF997D /* Pods-NotificationService.debug.xcconfig */ = {isa = PBXFileReference; includeInIndex = 1; lastKnownFileType = text.xcconfig; name = "Pods-NotificationService.debug.xcconfig"; path = "Target Support Files/Pods-NotificationService/Pods-NotificationService.debug.xcconfig"; sourceTree = "<group>"; };
		F6B04FF74C371F14B354FB7F /* Pods-VizuryObjCSample.debug.xcconfig */ = {isa = PBXFileReference; includeInIndex = 1; lastKnownFileType = text.xcconfig; name = "Pods-VizuryObjCSample.debug.xcconfig"; path = "Target Support Files/Pods-VizuryObjCSample/Pods-VizuryObjCSample.debug.xcconfig"; sourceTree = "<group>"; };
		F78AC6291F51AAB189E6B117 /* Pods_NotificationService.framework */ = {isa = PBXFileReference; explicitFileType = wrapper.framework; includeInIndex = 0; path = Pods_NotificationService.framework; sourceTree = BUILT_PRODUCTS_DIR; };
		F7D321971AFE77554004543E /* Pods-NotificationService.release.xcconfig */ = {isa = PBXFileReference; includeInIndex = 1; lastKnownFileType = text.xcconfig; name = "Pods-NotificationService.release.xcconfig"; path = "Target Support Files/Pods-NotificationService/Pods-NotificationService.release.xcconfig"; sourceTree = "<group>"; };
/* End PBXFileReference section */

/* Begin PBXFrameworksBuildPhase section */
		1AFF8F1524594B74007A90B5 /* Frameworks */ = {
			isa = PBXFrameworksBuildPhase;
			buildActionMask = 2147483647;
			files = (
				6D3933CE80487DCCC11E1D5D /* Pods_VizuryObjCSample.framework in Frameworks */,
			);
			runOnlyForDeploymentPostprocessing = 0;
		};
		1AFF8F3524594C4B007A90B5 /* Frameworks */ = {
			isa = PBXFrameworksBuildPhase;
			buildActionMask = 2147483647;
			files = (
				0B8452628C022281509C6E98 /* Pods_NotificationService.framework in Frameworks */,
			);
			runOnlyForDeploymentPostprocessing = 0;
		};
/* End PBXFrameworksBuildPhase section */

/* Begin PBXGroup section */
		1AFF8F0F24594B74007A90B5 = {
			isa = PBXGroup;
			children = (
				1AFF8F1A24594B74007A90B5 /* VizuryObjCSample */,
				1AFF8F3924594C4B007A90B5 /* NotificationService */,
				1AFF8F1924594B74007A90B5 /* Products */,
				ED63E1A4FB884CE4DE9478A8 /* Pods */,
				B1CBAC1B60B2D4F0CBA48549 /* Frameworks */,
			);
			sourceTree = "<group>";
		};
		1AFF8F1924594B74007A90B5 /* Products */ = {
			isa = PBXGroup;
			children = (
				1AFF8F1824594B74007A90B5 /* VizuryObjCSample.app */,
				1AFF8F3824594C4B007A90B5 /* NotificationService.appex */,
			);
			name = Products;
			sourceTree = "<group>";
		};
		1AFF8F1A24594B74007A90B5 /* VizuryObjCSample */ = {
			isa = PBXGroup;
			children = (
				1AFF8F472459504D007A90B5 /* VizuryObjCSample.entitlements */,
				1AFF8F4524595018007A90B5 /* GoogleService-Info.plist */,
				1AFF8F1B24594B74007A90B5 /* AppDelegate.h */,
				1AFF8F1C24594B74007A90B5 /* AppDelegate.m */,
				1AFF8F1E24594B74007A90B5 /* SceneDelegate.h */,
				1AFF8F1F24594B74007A90B5 /* SceneDelegate.m */,
				1AFF8F2124594B74007A90B5 /* ViewController.h */,
				1AFF8F2224594B74007A90B5 /* ViewController.m */,
				1AFF8F2424594B74007A90B5 /* Main.storyboard */,
				1AFF8F2724594B75007A90B5 /* Assets.xcassets */,
				1AFF8F2924594B75007A90B5 /* LaunchScreen.storyboard */,
				1AFF8F2C24594B75007A90B5 /* Info.plist */,
				1AFF8F2D24594B75007A90B5 /* main.m */,
			);
			path = VizuryObjCSample;
			sourceTree = "<group>";
		};
		1AFF8F3924594C4B007A90B5 /* NotificationService */ = {
			isa = PBXGroup;
			children = (
				1AFF8F48245951AD007A90B5 /* NotificationService.entitlements */,
				1AFF8F3A24594C4B007A90B5 /* NotificationService.h */,
				1AFF8F3B24594C4B007A90B5 /* NotificationService.m */,
				1AFF8F3D24594C4B007A90B5 /* Info.plist */,
			);
			path = NotificationService;
			sourceTree = "<group>";
		};
		B1CBAC1B60B2D4F0CBA48549 /* Frameworks */ = {
			isa = PBXGroup;
			children = (
				F78AC6291F51AAB189E6B117 /* Pods_NotificationService.framework */,
				058D78121299ECF3BEC2C84C /* Pods_VizuryObjCSample.framework */,
			);
			name = Frameworks;
			sourceTree = "<group>";
		};
		ED63E1A4FB884CE4DE9478A8 /* Pods */ = {
			isa = PBXGroup;
			children = (
				F3180258A8DFAE2B08DF997D /* Pods-NotificationService.debug.xcconfig */,
				F7D321971AFE77554004543E /* Pods-NotificationService.release.xcconfig */,
				F6B04FF74C371F14B354FB7F /* Pods-VizuryObjCSample.debug.xcconfig */,
				CBF2E5EDDD53712188C6E4DD /* Pods-VizuryObjCSample.release.xcconfig */,
			);
			path = Pods;
			sourceTree = "<group>";
		};
/* End PBXGroup section */

/* Begin PBXNativeTarget section */
		1AFF8F1724594B74007A90B5 /* VizuryObjCSample */ = {
			isa = PBXNativeTarget;
			buildConfigurationList = 1AFF8F3124594B75007A90B5 /* Build configuration list for PBXNativeTarget "VizuryObjCSample" */;
			buildPhases = (
				6ABA56E27FA9F9BA0837B283 /* [CP] Check Pods Manifest.lock */,
				1AFF8F1424594B74007A90B5 /* Sources */,
				1AFF8F1524594B74007A90B5 /* Frameworks */,
				1AFF8F1624594B74007A90B5 /* Resources */,
				1AFF8F4124594C4B007A90B5 /* Embed App Extensions */,
				F3E5FCE35445FC0420154B37 /* [CP] Embed Pods Frameworks */,
			);
			buildRules = (
			);
			dependencies = (
				1AFF8F3F24594C4B007A90B5 /* PBXTargetDependency */,
			);
			name = VizuryObjCSample;
			productName = VizuryObjCSample;
			productReference = 1AFF8F1824594B74007A90B5 /* VizuryObjCSample.app */;
			productType = "com.apple.product-type.application";
		};
		1AFF8F3724594C4B007A90B5 /* NotificationService */ = {
			isa = PBXNativeTarget;
			buildConfigurationList = 1AFF8F4424594C4B007A90B5 /* Build configuration list for PBXNativeTarget "NotificationService" */;
			buildPhases = (
				955D3C2888FFA63534653B03 /* [CP] Check Pods Manifest.lock */,
				1AFF8F3424594C4B007A90B5 /* Sources */,
				1AFF8F3524594C4B007A90B5 /* Frameworks */,
				1AFF8F3624594C4B007A90B5 /* Resources */,
			);
			buildRules = (
			);
			dependencies = (
			);
			name = NotificationService;
			productName = NotificationService;
			productReference = 1AFF8F3824594C4B007A90B5 /* NotificationService.appex */;
			productType = "com.apple.product-type.app-extension";
		};
/* End PBXNativeTarget section */

/* Begin PBXProject section */
		1AFF8F1024594B74007A90B5 /* Project object */ = {
			isa = PBXProject;
			attributes = {
				LastUpgradeCheck = 1130;
				ORGANIZATIONNAME = "Chowdhury Md Rajib  Sarwar";
				TargetAttributes = {
					1AFF8F1724594B74007A90B5 = {
						CreatedOnToolsVersion = 11.3;
					};
					1AFF8F3724594C4B007A90B5 = {
						CreatedOnToolsVersion = 11.3;
					};
				};
			};
			buildConfigurationList = 1AFF8F1324594B74007A90B5 /* Build configuration list for PBXProject "VizuryObjCSample" */;
			compatibilityVersion = "Xcode 9.3";
			developmentRegion = en;
			hasScannedForEncodings = 0;
			knownRegions = (
				en,
				Base,
			);
			mainGroup = 1AFF8F0F24594B74007A90B5;
			productRefGroup = 1AFF8F1924594B74007A90B5 /* Products */;
			projectDirPath = "";
			projectRoot = "";
			targets = (
				1AFF8F1724594B74007A90B5 /* VizuryObjCSample */,
				1AFF8F3724594C4B007A90B5 /* NotificationService */,
			);
		};
/* End PBXProject section */

/* Begin PBXResourcesBuildPhase section */
		1AFF8F1624594B74007A90B5 /* Resources */ = {
			isa = PBXResourcesBuildPhase;
			buildActionMask = 2147483647;
			files = (
				1AFF8F2B24594B75007A90B5 /* LaunchScreen.storyboard in Resources */,
				1AFF8F4624595018007A90B5 /* GoogleService-Info.plist in Resources */,
				1AFF8F2824594B75007A90B5 /* Assets.xcassets in Resources */,
				1AFF8F2624594B74007A90B5 /* Main.storyboard in Resources */,
			);
			runOnlyForDeploymentPostprocessing = 0;
		};
		1AFF8F3624594C4B007A90B5 /* Resources */ = {
			isa = PBXResourcesBuildPhase;
			buildActionMask = 2147483647;
			files = (
			);
			runOnlyForDeploymentPostprocessing = 0;
		};
/* End PBXResourcesBuildPhase section */

/* Begin PBXShellScriptBuildPhase section */
		6ABA56E27FA9F9BA0837B283 /* [CP] Check Pods Manifest.lock */ = {
			isa = PBXShellScriptBuildPhase;
			buildActionMask = 2147483647;
			files = (
			);
			inputFileListPaths = (
			);
			inputPaths = (
				"${PODS_PODFILE_DIR_PATH}/Podfile.lock",
				"${PODS_ROOT}/Manifest.lock",
			);
			name = "[CP] Check Pods Manifest.lock";
			outputFileListPaths = (
			);
			outputPaths = (
				"$(DERIVED_FILE_DIR)/Pods-VizuryObjCSample-checkManifestLockResult.txt",
			);
			runOnlyForDeploymentPostprocessing = 0;
			shellPath = /bin/sh;
			shellScript = "diff \"${PODS_PODFILE_DIR_PATH}/Podfile.lock\" \"${PODS_ROOT}/Manifest.lock\" > /dev/null\nif [ $? != 0 ] ; then\n    # print error to STDERR\n    echo \"error: The sandbox is not in sync with the Podfile.lock. Run 'pod install' or update your CocoaPods installation.\" >&2\n    exit 1\nfi\n# This output is used by Xcode 'outputs' to avoid re-running this script phase.\necho \"SUCCESS\" > \"${SCRIPT_OUTPUT_FILE_0}\"\n";
			showEnvVarsInLog = 0;
		};
		955D3C2888FFA63534653B03 /* [CP] Check Pods Manifest.lock */ = {
			isa = PBXShellScriptBuildPhase;
			buildActionMask = 2147483647;
			files = (
			);
			inputFileListPaths = (
			);
			inputPaths = (
				"${PODS_PODFILE_DIR_PATH}/Podfile.lock",
				"${PODS_ROOT}/Manifest.lock",
			);
			name = "[CP] Check Pods Manifest.lock";
			outputFileListPaths = (
			);
			outputPaths = (
				"$(DERIVED_FILE_DIR)/Pods-NotificationService-checkManifestLockResult.txt",
			);
			runOnlyForDeploymentPostprocessing = 0;
			shellPath = /bin/sh;
			shellScript = "diff \"${PODS_PODFILE_DIR_PATH}/Podfile.lock\" \"${PODS_ROOT}/Manifest.lock\" > /dev/null\nif [ $? != 0 ] ; then\n    # print error to STDERR\n    echo \"error: The sandbox is not in sync with the Podfile.lock. Run 'pod install' or update your CocoaPods installation.\" >&2\n    exit 1\nfi\n# This output is used by Xcode 'outputs' to avoid re-running this script phase.\necho \"SUCCESS\" > \"${SCRIPT_OUTPUT_FILE_0}\"\n";
			showEnvVarsInLog = 0;
		};
		F3E5FCE35445FC0420154B37 /* [CP] Embed Pods Frameworks */ = {
			isa = PBXShellScriptBuildPhase;
			buildActionMask = 2147483647;
			files = (
			);
			inputFileListPaths = (
				"${PODS_ROOT}/Target Support Files/Pods-VizuryObjCSample/Pods-VizuryObjCSample-frameworks-${CONFIGURATION}-input-files.xcfilelist",
			);
			name = "[CP] Embed Pods Frameworks";
			outputFileListPaths = (
				"${PODS_ROOT}/Target Support Files/Pods-VizuryObjCSample/Pods-VizuryObjCSample-frameworks-${CONFIGURATION}-output-files.xcfilelist",
			);
			runOnlyForDeploymentPostprocessing = 0;
			shellPath = /bin/sh;
			shellScript = "\"${PODS_ROOT}/Target Support Files/Pods-VizuryObjCSample/Pods-VizuryObjCSample-frameworks.sh\"\n";
			showEnvVarsInLog = 0;
		};
/* End PBXShellScriptBuildPhase section */

/* Begin PBXSourcesBuildPhase section */
		1AFF8F1424594B74007A90B5 /* Sources */ = {
			isa = PBXSourcesBuildPhase;
			buildActionMask = 2147483647;
			files = (
				1AFF8F2324594B74007A90B5 /* ViewController.m in Sources */,
				1AFF8F1D24594B74007A90B5 /* AppDelegate.m in Sources */,
				1AFF8F2E24594B75007A90B5 /* main.m in Sources */,
				1AFF8F2024594B74007A90B5 /* SceneDelegate.m in Sources */,
			);
			runOnlyForDeploymentPostprocessing = 0;
		};
		1AFF8F3424594C4B007A90B5 /* Sources */ = {
			isa = PBXSourcesBuildPhase;
			buildActionMask = 2147483647;
			files = (
				1AFF8F3C24594C4B007A90B5 /* NotificationService.m in Sources */,
			);
			runOnlyForDeploymentPostprocessing = 0;
		};
/* End PBXSourcesBuildPhase section */

/* Begin PBXTargetDependency section */
		1AFF8F3F24594C4B007A90B5 /* PBXTargetDependency */ = {
			isa = PBXTargetDependency;
			target = 1AFF8F3724594C4B007A90B5 /* NotificationService */;
			targetProxy = 1AFF8F3E24594C4B007A90B5 /* PBXContainerItemProxy */;
		};
/* End PBXTargetDependency section */

/* Begin PBXVariantGroup section */
		1AFF8F2424594B74007A90B5 /* Main.storyboard */ = {
			isa = PBXVariantGroup;
			children = (
				1AFF8F2524594B74007A90B5 /* Base */,
			);
			name = Main.storyboard;
			sourceTree = "<group>";
		};
		1AFF8F2924594B75007A90B5 /* LaunchScreen.storyboard */ = {
			isa = PBXVariantGroup;
			children = (
				1AFF8F2A24594B75007A90B5 /* Base */,
			);
			name = LaunchScreen.storyboard;
			sourceTree = "<group>";
		};
/* End PBXVariantGroup section */

/* Begin XCBuildConfiguration section */
		1AFF8F2F24594B75007A90B5 /* Debug */ = {
			isa = XCBuildConfiguration;
			buildSettings = {
				ALWAYS_SEARCH_USER_PATHS = NO;
				CLANG_ANALYZER_NONNULL = YES;
				CLANG_ANALYZER_NUMBER_OBJECT_CONVERSION = YES_AGGRESSIVE;
				CLANG_CXX_LANGUAGE_STANDARD = "gnu++14";
				CLANG_CXX_LIBRARY = "libc++";
				CLANG_ENABLE_MODULES = YES;
				CLANG_ENABLE_OBJC_ARC = YES;
				CLANG_ENABLE_OBJC_WEAK = YES;
				CLANG_WARN_BLOCK_CAPTURE_AUTORELEASING = YES;
				CLANG_WARN_BOOL_CONVERSION = YES;
				CLANG_WARN_COMMA = YES;
				CLANG_WARN_CONSTANT_CONVERSION = YES;
				CLANG_WARN_DEPRECATED_OBJC_IMPLEMENTATIONS = YES;
				CLANG_WARN_DIRECT_OBJC_ISA_USAGE = YES_ERROR;
				CLANG_WARN_DOCUMENTATION_COMMENTS = YES;
				CLANG_WARN_EMPTY_BODY = YES;
				CLANG_WARN_ENUM_CONVERSION = YES;
				CLANG_WARN_INFINITE_RECURSION = YES;
				CLANG_WARN_INT_CONVERSION = YES;
				CLANG_WARN_NON_LITERAL_NULL_CONVERSION = YES;
				CLANG_WARN_OBJC_IMPLICIT_RETAIN_SELF = YES;
				CLANG_WARN_OBJC_LITERAL_CONVERSION = YES;
				CLANG_WARN_OBJC_ROOT_CLASS = YES_ERROR;
				CLANG_WARN_RANGE_LOOP_ANALYSIS = YES;
				CLANG_WARN_STRICT_PROTOTYPES = YES;
				CLANG_WARN_SUSPICIOUS_MOVE = YES;
				CLANG_WARN_UNGUARDED_AVAILABILITY = YES_AGGRESSIVE;
				CLANG_WARN_UNREACHABLE_CODE = YES;
				CLANG_WARN__DUPLICATE_METHOD_MATCH = YES;
				COPY_PHASE_STRIP = NO;
				DEBUG_INFORMATION_FORMAT = dwarf;
				ENABLE_STRICT_OBJC_MSGSEND = YES;
				ENABLE_TESTABILITY = YES;
				GCC_C_LANGUAGE_STANDARD = gnu11;
				GCC_DYNAMIC_NO_PIC = NO;
				GCC_NO_COMMON_BLOCKS = YES;
				GCC_OPTIMIZATION_LEVEL = 0;
				GCC_PREPROCESSOR_DEFINITIONS = (
					"DEBUG=1",
					"$(inherited)",
				);
				GCC_WARN_64_TO_32_BIT_CONVERSION = YES;
				GCC_WARN_ABOUT_RETURN_TYPE = YES_ERROR;
				GCC_WARN_UNDECLARED_SELECTOR = YES;
				GCC_WARN_UNINITIALIZED_AUTOS = YES_AGGRESSIVE;
				GCC_WARN_UNUSED_FUNCTION = YES;
				GCC_WARN_UNUSED_VARIABLE = YES;
				IPHONEOS_DEPLOYMENT_TARGET = 13.2;
				MTL_ENABLE_DEBUG_INFO = INCLUDE_SOURCE;
				MTL_FAST_MATH = YES;
				ONLY_ACTIVE_ARCH = YES;
				SDKROOT = iphoneos;
			};
			name = Debug;
		};
		1AFF8F3024594B75007A90B5 /* Release */ = {
			isa = XCBuildConfiguration;
			buildSettings = {
				ALWAYS_SEARCH_USER_PATHS = NO;
				CLANG_ANALYZER_NONNULL = YES;
				CLANG_ANALYZER_NUMBER_OBJECT_CONVERSION = YES_AGGRESSIVE;
				CLANG_CXX_LANGUAGE_STANDARD = "gnu++14";
				CLANG_CXX_LIBRARY = "libc++";
				CLANG_ENABLE_MODULES = YES;
				CLANG_ENABLE_OBJC_ARC = YES;
				CLANG_ENABLE_OBJC_WEAK = YES;
				CLANG_WARN_BLOCK_CAPTURE_AUTORELEASING = YES;
				CLANG_WARN_BOOL_CONVERSION = YES;
				CLANG_WARN_COMMA = YES;
				CLANG_WARN_CONSTANT_CONVERSION = YES;
				CLANG_WARN_DEPRECATED_OBJC_IMPLEMENTATIONS = YES;
				CLANG_WARN_DIRECT_OBJC_ISA_USAGE = YES_ERROR;
				CLANG_WARN_DOCUMENTATION_COMMENTS = YES;
				CLANG_WARN_EMPTY_BODY = YES;
				CLANG_WARN_ENUM_CONVERSION = YES;
				CLANG_WARN_INFINITE_RECURSION = YES;
				CLANG_WARN_INT_CONVERSION = YES;
				CLANG_WARN_NON_LITERAL_NULL_CONVERSION = YES;
				CLANG_WARN_OBJC_IMPLICIT_RETAIN_SELF = YES;
				CLANG_WARN_OBJC_LITERAL_CONVERSION = YES;
				CLANG_WARN_OBJC_ROOT_CLASS = YES_ERROR;
				CLANG_WARN_RANGE_LOOP_ANALYSIS = YES;
				CLANG_WARN_STRICT_PROTOTYPES = YES;
				CLANG_WARN_SUSPICIOUS_MOVE = YES;
				CLANG_WARN_UNGUARDED_AVAILABILITY = YES_AGGRESSIVE;
				CLANG_WARN_UNREACHABLE_CODE = YES;
				CLANG_WARN__DUPLICATE_METHOD_MATCH = YES;
				COPY_PHASE_STRIP = NO;
				DEBUG_INFORMATION_FORMAT = "dwarf-with-dsym";
				ENABLE_NS_ASSERTIONS = NO;
				ENABLE_STRICT_OBJC_MSGSEND = YES;
				GCC_C_LANGUAGE_STANDARD = gnu11;
				GCC_NO_COMMON_BLOCKS = YES;
				GCC_WARN_64_TO_32_BIT_CONVERSION = YES;
				GCC_WARN_ABOUT_RETURN_TYPE = YES_ERROR;
				GCC_WARN_UNDECLARED_SELECTOR = YES;
				GCC_WARN_UNINITIALIZED_AUTOS = YES_AGGRESSIVE;
				GCC_WARN_UNUSED_FUNCTION = YES;
				GCC_WARN_UNUSED_VARIABLE = YES;
				IPHONEOS_DEPLOYMENT_TARGET = 13.2;
				MTL_ENABLE_DEBUG_INFO = NO;
				MTL_FAST_MATH = YES;
				SDKROOT = iphoneos;
				VALIDATE_PRODUCT = YES;
			};
			name = Release;
		};
		1AFF8F3224594B75007A90B5 /* Debug */ = {
			isa = XCBuildConfiguration;
			baseConfigurationReference = F6B04FF74C371F14B354FB7F /* Pods-VizuryObjCSample.debug.xcconfig */;
			buildSettings = {
				ASSETCATALOG_COMPILER_APPICON_NAME = AppIcon;
				CODE_SIGN_ENTITLEMENTS = VizuryObjCSample/VizuryObjCSample.entitlements;
				CODE_SIGN_STYLE = Automatic;
				DEVELOPMENT_TEAM = UVJQV2LNHC;
				INFOPLIST_FILE = VizuryObjCSample/Info.plist;
				LD_RUNPATH_SEARCH_PATHS = (
					"$(inherited)",
					"@executable_path/Frameworks",
				);
				PRODUCT_BUNDLE_IDENTIFIER = com.vizury.objcsample;
				PRODUCT_NAME = "$(TARGET_NAME)";
				TARGETED_DEVICE_FAMILY = "1,2";
			};
			name = Debug;
		};
		1AFF8F3324594B75007A90B5 /* Release */ = {
			isa = XCBuildConfiguration;
			baseConfigurationReference = CBF2E5EDDD53712188C6E4DD /* Pods-VizuryObjCSample.release.xcconfig */;
			buildSettings = {
				ASSETCATALOG_COMPILER_APPICON_NAME = AppIcon;
				CODE_SIGN_ENTITLEMENTS = VizuryObjCSample/VizuryObjCSample.entitlements;
				CODE_SIGN_STYLE = Automatic;
				DEVELOPMENT_TEAM = UVJQV2LNHC;
				INFOPLIST_FILE = VizuryObjCSample/Info.plist;
				LD_RUNPATH_SEARCH_PATHS = (
					"$(inherited)",
					"@executable_path/Frameworks",
				);
				PRODUCT_BUNDLE_IDENTIFIER = com.vizury.objcsample;
				PRODUCT_NAME = "$(TARGET_NAME)";
				TARGETED_DEVICE_FAMILY = "1,2";
			};
			name = Release;
		};
		1AFF8F4224594C4B007A90B5 /* Debug */ = {
			isa = XCBuildConfiguration;
			baseConfigurationReference = F3180258A8DFAE2B08DF997D /* Pods-NotificationService.debug.xcconfig */;
			buildSettings = {
				CODE_SIGN_ENTITLEMENTS = NotificationService/NotificationService.entitlements;
				CODE_SIGN_STYLE = Automatic;
				DEVELOPMENT_TEAM = UVJQV2LNHC;
				INFOPLIST_FILE = NotificationService/Info.plist;
				LD_RUNPATH_SEARCH_PATHS = (
					"$(inherited)",
					"@executable_path/Frameworks",
					"@executable_path/../../Frameworks",
				);
				PRODUCT_BUNDLE_IDENTIFIER = com.vizury.objcsample.NotificationService;
				PRODUCT_NAME = "$(TARGET_NAME)";
				SKIP_INSTALL = YES;
				TARGETED_DEVICE_FAMILY = "1,2";
			};
			name = Debug;
		};
		1AFF8F4324594C4B007A90B5 /* Release */ = {
			isa = XCBuildConfiguration;
			baseConfigurationReference = F7D321971AFE77554004543E /* Pods-NotificationService.release.xcconfig */;
			buildSettings = {
				CODE_SIGN_ENTITLEMENTS = NotificationService/NotificationService.entitlements;
				CODE_SIGN_STYLE = Automatic;
				DEVELOPMENT_TEAM = UVJQV2LNHC;
				INFOPLIST_FILE = NotificationService/Info.plist;
				LD_RUNPATH_SEARCH_PATHS = (
					"$(inherited)",
					"@executable_path/Frameworks",
					"@executable_path/../../Frameworks",
				);
				PRODUCT_BUNDLE_IDENTIFIER = com.vizury.objcsample.NotificationService;
				PRODUCT_NAME = "$(TARGET_NAME)";
				SKIP_INSTALL = YES;
				TARGETED_DEVICE_FAMILY = "1,2";
			};
			name = Release;
		};
/* End XCBuildConfiguration section */

/* Begin XCConfigurationList section */
		1AFF8F1324594B74007A90B5 /* Build configuration list for PBXProject "VizuryObjCSample" */ = {
			isa = XCConfigurationList;
			buildConfigurations = (
				1AFF8F2F24594B75007A90B5 /* Debug */,
				1AFF8F3024594B75007A90B5 /* Release */,
			);
			defaultConfigurationIsVisible = 0;
			defaultConfigurationName = Release;
		};
		1AFF8F3124594B75007A90B5 /* Build configuration list for PBXNativeTarget "VizuryObjCSample" */ = {
			isa = XCConfigurationList;
			buildConfigurations = (
				1AFF8F3224594B75007A90B5 /* Debug */,
				1AFF8F3324594B75007A90B5 /* Release */,
			);
			defaultConfigurationIsVisible = 0;
			defaultConfigurationName = Release;
		};
		1AFF8F4424594C4B007A90B5 /* Build configuration list for PBXNativeTarget "NotificationService" */ = {
			isa = XCConfigurationList;
			buildConfigurations = (
				1AFF8F4224594C4B007A90B5 /* Debug */,
				1AFF8F4324594C4B007A90B5 /* Release */,
			);
			defaultConfigurationIsVisible = 0;
			defaultConfigurationName = Release;
		};
/* End XCConfigurationList section */
	};
	rootObject = 1AFF8F1024594B74007A90B5 /* Project object */;
}
